
Microsoft Visual Studio Solution File, Format Version 12.00
# Visual Studio Version 17
VisualStudioVersion = 17.13.35919.96 d17.13
MinimumVisualStudioVersion = 10.0.40219.1
Project("{FAE04EC0-301F-11D3-BF4B-00C04F79EFBC}") = "PracticeQ5_Y9Finals", "PracticeQ5_Y9Finals\PracticeQ5_Y9Finals.csproj", "{FEE71566-E60C-4AE4-A543-DE5C0A2AA1CB}"
EndProject
Global
	GlobalSection(SolutionConfigurationPlatforms) = preSolution
		Debug|Any CPU = Debug|Any CPU
		Release|Any CPU = Release|Any CPU
	EndGlobalSection
	GlobalSection(ProjectConfigurationPlatforms) = postSolution
		{FEE71566-E60C-4AE4-A543-DE5C0A2AA1CB}.Debug|Any CPU.ActiveCfg = Debug|Any CPU
		{FEE71566-E60C-4AE4-A543-DE5C0A2AA1CB}.Debug|Any CPU.Build.0 = Debug|Any CPU
		{FEE71566-E60C-4AE4-A543-DE5C0A2AA1CB}.Release|Any CPU.ActiveCfg = Release|Any CPU
		{FEE71566-E60C-4AE4-A543-DE5C0A2AA1CB}.Release|Any CPU.Build.0 = Release|Any CPU
	EndGlobalSection
	GlobalSection(SolutionProperties) = preSolution
		HideSolutionNode = FALSE
	EndGlobalSection
	GlobalSection(ExtensibilityGlobals) = postSolution
		SolutionGuid = {594BD4EA-8370-47E6-A2BE-EC0FF9A79C27}
	EndGlobalSection
EndGlobal
